// !$*UTF8*$!
{
	archiveVersion = 1;
	classes = {
	};
	objectVersion = 50;
	objects = {

/* Begin PBXBuildFile section */
		3F0C1D9B25F1DFF50042B2A2 /* FavoriteButton.swift in Sources */ = {isa = PBXBuildFile; fileRef = 3F0C1D9A25F1DFF50042B2A2 /* FavoriteButton.swift */; };
		3F4C1CB525F6453A00ECD5A5 /* HexagonParameters.swift in Sources */ = {isa = PBXBuildFile; fileRef = 3F4C1CB425F6453A00ECD5A5 /* HexagonParameters.swift */; };
		3F4C1CB825F6472700ECD5A5 /* BadgeBackground.swift in Sources */ = {isa = PBXBuildFile; fileRef = 3F4C1CB725F6472700ECD5A5 /* BadgeBackground.swift */; };
		3F4C1CBC25F64E0400ECD5A5 /* BadgeSymbol.swift in Sources */ = {isa = PBXBuildFile; fileRef = 3F4C1CBB25F64E0400ECD5A5 /* BadgeSymbol.swift */; };
		3F4C1CBF25F650BB00ECD5A5 /* RotatedBadgeSymbol.swift in Sources */ = {isa = PBXBuildFile; fileRef = 3F4C1CBE25F650BB00ECD5A5 /* RotatedBadgeSymbol.swift */; };
		3F4C1CC225F6515600ECD5A5 /* Badge.swift in Sources */ = {isa = PBXBuildFile; fileRef = 3F4C1CC125F6515600ECD5A5 /* Badge.swift */; };
		3F8C039125EE31D2001E22EC /* LandmarksApp.swift in Sources */ = {isa = PBXBuildFile; fileRef = 3F8C039025EE31D2001E22EC /* LandmarksApp.swift */; };
		3F8C039325EE31D2001E22EC /* ContentView.swift in Sources */ = {isa = PBXBuildFile; fileRef = 3F8C039225EE31D2001E22EC /* ContentView.swift */; };
		3F8C039525EE31D4001E22EC /* Assets.xcassets in Resources */ = {isa = PBXBuildFile; fileRef = 3F8C039425EE31D4001E22EC /* Assets.xcassets */; };
		3F8C039825EE31D4001E22EC /* Preview Assets.xcassets in Resources */ = {isa = PBXBuildFile; fileRef = 3F8C039725EE31D4001E22EC /* Preview Assets.xcassets */; };
		3FBA96D725EE3B470029A0FB /* CircleImage.swift in Sources */ = {isa = PBXBuildFile; fileRef = 3FBA96D625EE3B470029A0FB /* CircleImage.swift */; };
		3FBA96DA25EE3C3D0029A0FB /* MapView.swift in Sources */ = {isa = PBXBuildFile; fileRef = 3FBA96D925EE3C3D0029A0FB /* MapView.swift */; };
		3FBA96DD25EF5FDF0029A0FB /* landmarkData.json in Resources */ = {isa = PBXBuildFile; fileRef = 3FBA96DC25EF5FDF0029A0FB /* landmarkData.json */; };
		3FBA96E025EF60210029A0FB /* Landmark.swift in Sources */ = {isa = PBXBuildFile; fileRef = 3FBA96DF25EF60210029A0FB /* Landmark.swift */; };
		3FBA96E325EF68FB0029A0FB /* ModelData.swift in Sources */ = {isa = PBXBuildFile; fileRef = 3FBA96E225EF68FB0029A0FB /* ModelData.swift */; };
		3FBA96EA25EF6B650029A0FB /* LandmarkRow.swift in Sources */ = {isa = PBXBuildFile; fileRef = 3FBA96E925EF6B650029A0FB /* LandmarkRow.swift */; };
		3FBA96ED25EFA8540029A0FB /* LandmarkList.swift in Sources */ = {isa = PBXBuildFile; fileRef = 3FBA96EC25EFA8540029A0FB /* LandmarkList.swift */; };
		3FBA96F025EFD3F40029A0FB /* LandmarkDetail.swift in Sources */ = {isa = PBXBuildFile; fileRef = 3FBA96EF25EFD3F40029A0FB /* LandmarkDetail.swift */; };
/* End PBXBuildFile section */

/* Begin PBXFileReference section */
		3F0C1D9A25F1DFF50042B2A2 /* FavoriteButton.swift */ = {isa = PBXFileReference; lastKnownFileType = sourcecode.swift; path = FavoriteButton.swift; sourceTree = "<group>"; };
		3F4C1CB425F6453A00ECD5A5 /* HexagonParameters.swift */ = {isa = PBXFileReference; lastKnownFileType = sourcecode.swift; path = HexagonParameters.swift; sourceTree = "<group>"; };
		3F4C1CB725F6472700ECD5A5 /* BadgeBackground.swift */ = {isa = PBXFileReference; lastKnownFileType = sourcecode.swift; path = BadgeBackground.swift; sourceTree = "<group>"; };
		3F4C1CBB25F64E0400ECD5A5 /* BadgeSymbol.swift */ = {isa = PBXFileReference; lastKnownFileType = sourcecode.swift; path = BadgeSymbol.swift; sourceTree = "<group>"; };
		3F4C1CBE25F650BB00ECD5A5 /* RotatedBadgeSymbol.swift */ = {isa = PBXFileReference; lastKnownFileType = sourcecode.swift; path = RotatedBadgeSymbol.swift; sourceTree = "<group>"; };
		3F4C1CC125F6515600ECD5A5 /* Badge.swift */ = {isa = PBXFileReference; lastKnownFileType = sourcecode.swift; path = Badge.swift; sourceTree = "<group>"; };
		3F8C038D25EE31D2001E22EC /* Landmarks.app */ = {isa = PBXFileReference; explicitFileType = wrapper.application; includeInIndex = 0; path = Landmarks.app; sourceTree = BUILT_PRODUCTS_DIR; };
		3F8C039025EE31D2001E22EC /* LandmarksApp.swift */ = {isa = PBXFileReference; lastKnownFileType = sourcecode.swift; path = LandmarksApp.swift; sourceTree = "<group>"; };
		3F8C039225EE31D2001E22EC /* ContentView.swift */ = {isa = PBXFileReference; lastKnownFileType = sourcecode.swift; path = ContentView.swift; sourceTree = "<group>"; };
		3F8C039425EE31D4001E22EC /* Assets.xcassets */ = {isa = PBXFileReference; lastKnownFileType = folder.assetcatalog; path = Assets.xcassets; sourceTree = "<group>"; };
		3F8C039725EE31D4001E22EC /* Preview Assets.xcassets */ = {isa = PBXFileReference; lastKnownFileType = folder.assetcatalog; path = "Preview Assets.xcassets"; sourceTree = "<group>"; };
		3F8C039925EE31D4001E22EC /* Info.plist */ = {isa = PBXFileReference; lastKnownFileType = text.plist.xml; path = Info.plist; sourceTree = "<group>"; };
		3FBA96D625EE3B470029A0FB /* CircleImage.swift */ = {isa = PBXFileReference; lastKnownFileType = sourcecode.swift; path = CircleImage.swift; sourceTree = "<group>"; };
		3FBA96D925EE3C3D0029A0FB /* MapView.swift */ = {isa = PBXFileReference; lastKnownFileType = sourcecode.swift; path = MapView.swift; sourceTree = "<group>"; };
		3FBA96DC25EF5FDF0029A0FB /* landmarkData.json */ = {isa = PBXFileReference; fileEncoding = 4; lastKnownFileType = text.json; path = landmarkData.json; sourceTree = "<group>"; };
		3FBA96DF25EF60210029A0FB /* Landmark.swift */ = {isa = PBXFileReference; lastKnownFileType = sourcecode.swift; path = Landmark.swift; sourceTree = "<group>"; };
		3FBA96E225EF68FB0029A0FB /* ModelData.swift */ = {isa = PBXFileReference; lastKnownFileType = sourcecode.swift; path = ModelData.swift; sourceTree = "<group>"; };
		3FBA96E925EF6B650029A0FB /* LandmarkRow.swift */ = {isa = PBXFileReference; lastKnownFileType = sourcecode.swift; path = LandmarkRow.swift; sourceTree = "<group>"; };
		3FBA96EC25EFA8540029A0FB /* LandmarkList.swift */ = {isa = PBXFileReference; lastKnownFileType = sourcecode.swift; path = LandmarkList.swift; sourceTree = "<group>"; };
		3FBA96EF25EFD3F40029A0FB /* LandmarkDetail.swift */ = {isa = PBXFileReference; lastKnownFileType = sourcecode.swift; path = LandmarkDetail.swift; sourceTree = "<group>"; };
/* End PBXFileReference section */

/* Begin PBXFrameworksBuildPhase section */
		3F8C038A25EE31D1001E22EC /* Frameworks */ = {
			isa = PBXFrameworksBuildPhase;
			buildActionMask = 2147483647;
			files = (
			);
			runOnlyForDeploymentPostprocessing = 0;
		};
/* End PBXFrameworksBuildPhase section */

/* Begin PBXGroup section */
		3F0C1D9D25F1E0A10042B2A2 /* Helpers */ = {
			isa = PBXGroup;
			children = (
				3FBA96D625EE3B470029A0FB /* CircleImage.swift */,
				3FBA96D925EE3C3D0029A0FB /* MapView.swift */,
				3F0C1D9A25F1DFF50042B2A2 /* FavoriteButton.swift */,
			);
			path = Helpers;
			sourceTree = "<group>";
		};
		3F0C1D9E25F1E0AA0042B2A2 /* Landmarks */ = {
			isa = PBXGroup;
			children = (
				3FBA96EC25EFA8540029A0FB /* LandmarkList.swift */,
				3FBA96E925EF6B650029A0FB /* LandmarkRow.swift */,
				3FBA96EF25EFD3F40029A0FB /* LandmarkDetail.swift */,
			);
			path = Landmarks;
			sourceTree = "<group>";
		};
		3F4C1CC425F6535B00ECD5A5 /* Badges */ = {
			isa = PBXGroup;
			children = (
				3F4C1CC125F6515600ECD5A5 /* Badge.swift */,
				3F4C1CB725F6472700ECD5A5 /* BadgeBackground.swift */,
				3F4C1CBB25F64E0400ECD5A5 /* BadgeSymbol.swift */,
				3F4C1CBE25F650BB00ECD5A5 /* RotatedBadgeSymbol.swift */,
				3F4C1CB425F6453A00ECD5A5 /* HexagonParameters.swift */,
			);
			path = Badges;
			sourceTree = "<group>";
		};
		3F8C038425EE31D1001E22EC = {
			isa = PBXGroup;
			children = (
				3F8C038F25EE31D2001E22EC /* Landmarks */,
				3F8C038E25EE31D2001E22EC /* Products */,
			);
			sourceTree = "<group>";
		};
		3F8C038E25EE31D2001E22EC /* Products */ = {
			isa = PBXGroup;
			children = (
				3F8C038D25EE31D2001E22EC /* Landmarks.app */,
			);
			name = Products;
			sourceTree = "<group>";
		};
		3F8C038F25EE31D2001E22EC /* Landmarks */ = {
			isa = PBXGroup;
			children = (
				3F8C039025EE31D2001E22EC /* LandmarksApp.swift */,
				3FBA96E525EF6A680029A0FB /* Views */,
				3FBA96E725EF6A930029A0FB /* Model */,
				3FBA96E625EF6A7F0029A0FB /* Resources */,
				3F8C039425EE31D4001E22EC /* Assets.xcassets */,
				3F8C039925EE31D4001E22EC /* Info.plist */,
				3F8C039625EE31D4001E22EC /* Preview Content */,
			);
			path = Landmarks;
			sourceTree = "<group>";
		};
		3F8C039625EE31D4001E22EC /* Preview Content */ = {
			isa = PBXGroup;
			children = (
				3F8C039725EE31D4001E22EC /* Preview Assets.xcassets */,
			);
			path = "Preview Content";
			sourceTree = "<group>";
		};
		3FBA96E525EF6A680029A0FB /* Views */ = {
			isa = PBXGroup;
			children = (
				3F8C039225EE31D2001E22EC /* ContentView.swift */,
				3F0C1D9E25F1E0AA0042B2A2 /* Landmarks */,
				3F4C1CC425F6535B00ECD5A5 /* Badges */,
				3F0C1D9D25F1E0A10042B2A2 /* Helpers */,
			);
			path = Views;
			sourceTree = "<group>";
		};
		3FBA96E625EF6A7F0029A0FB /* Resources */ = {
			isa = PBXGroup;
			children = (
				3FBA96DC25EF5FDF0029A0FB /* landmarkData.json */,
			);
			path = Resources;
			sourceTree = "<group>";
		};
		3FBA96E725EF6A930029A0FB /* Model */ = {
			isa = PBXGroup;
			children = (
				3FBA96E225EF68FB0029A0FB /* ModelData.swift */,
				3FBA96DF25EF60210029A0FB /* Landmark.swift */,
			);
			path = Model;
			sourceTree = "<group>";
		};
/* End PBXGroup section */

/* Begin PBXNativeTarget section */
		3F8C038C25EE31D1001E22EC /* Landmarks */ = {
			isa = PBXNativeTarget;
			buildConfigurationList = 3F8C039C25EE31D4001E22EC /* Build configuration list for PBXNativeTarget "Landmarks" */;
			buildPhases = (
				3F8C038925EE31D1001E22EC /* Sources */,
				3F8C038A25EE31D1001E22EC /* Frameworks */,
				3F8C038B25EE31D1001E22EC /* Resources */,
			);
			buildRules = (
			);
			dependencies = (
			);
			name = Landmarks;
			productName = Landmarks;
			productReference = 3F8C038D25EE31D2001E22EC /* Landmarks.app */;
			productType = "com.apple.product-type.application";
		};
/* End PBXNativeTarget section */

/* Begin PBXProject section */
		3F8C038525EE31D1001E22EC /* Project object */ = {
			isa = PBXProject;
			attributes = {
				LastSwiftUpdateCheck = 1240;
				LastUpgradeCheck = 1240;
				TargetAttributes = {
					3F8C038C25EE31D1001E22EC = {
						CreatedOnToolsVersion = 12.4;
					};
				};
			};
			buildConfigurationList = 3F8C038825EE31D1001E22EC /* Build configuration list for PBXProject "Landmarks" */;
			compatibilityVersion = "Xcode 9.3";
			developmentRegion = en;
			hasScannedForEncodings = 0;
			knownRegions = (
				en,
				Base,
			);
			mainGroup = 3F8C038425EE31D1001E22EC;
			productRefGroup = 3F8C038E25EE31D2001E22EC /* Products */;
			projectDirPath = "";
			projectRoot = "";
			targets = (
				3F8C038C25EE31D1001E22EC /* Landmarks */,
			);
		};
/* End PBXProject section */

/* Begin PBXResourcesBuildPhase section */
		3F8C038B25EE31D1001E22EC /* Resources */ = {
			isa = PBXResourcesBuildPhase;
			buildActionMask = 2147483647;
			files = (
				3F8C039825EE31D4001E22EC /* Preview Assets.xcassets in Resources */,
				3F8C039525EE31D4001E22EC /* Assets.xcassets in Resources */,
				3FBA96DD25EF5FDF0029A0FB /* landmarkData.json in Resources */,
			);
			runOnlyForDeploymentPostprocessing = 0;
		};
/* End PBXResourcesBuildPhase section */

/* Begin PBXSourcesBuildPhase section */
		3F8C038925EE31D1001E22EC /* Sources */ = {
			isa = PBXSourcesBuildPhase;
			buildActionMask = 2147483647;
			files = (
				3F8C039325EE31D2001E22EC /* ContentView.swift in Sources */,
				3F4C1CC225F6515600ECD5A5 /* Badge.swift in Sources */,
				3FBA96DA25EE3C3D0029A0FB /* MapView.swift in Sources */,
				3F4C1CB825F6472700ECD5A5 /* BadgeBackground.swift in Sources */,
				3F8C039125EE31D2001E22EC /* LandmarksApp.swift in Sources */,
				3F0C1D9B25F1DFF50042B2A2 /* FavoriteButton.swift in Sources */,
				3F4C1CBF25F650BB00ECD5A5 /* RotatedBadgeSymbol.swift in Sources */,
				3F4C1CBC25F64E0400ECD5A5 /* BadgeSymbol.swift in Sources */,
				3F4C1CB525F6453A00ECD5A5 /* HexagonParameters.swift in Sources */,
				3FBA96ED25EFA8540029A0FB /* LandmarkList.swift in Sources */,
				3FBA96F025EFD3F40029A0FB /* LandmarkDetail.swift in Sources */,
				3FBA96D725EE3B470029A0FB /* CircleImage.swift in Sources */,
				3FBA96E025EF60210029A0FB /* Landmark.swift in Sources */,
				3FBA96EA25EF6B650029A0FB /* LandmarkRow.swift in Sources */,
				3FBA96E325EF68FB0029A0FB /* ModelData.swift in Sources */,
			);
			runOnlyForDeploymentPostprocessing = 0;
		};
/* End PBXSourcesBuildPhase section */

/* Begin XCBuildConfiguration section */
		3F8C039A25EE31D4001E22EC /* Debug */ = {
			isa = XCBuildConfiguration;
			buildSettings = {
				ALWAYS_SEARCH_USER_PATHS = NO;
				CLANG_ANALYZER_NONNULL = YES;
				CLANG_ANALYZER_NUMBER_OBJECT_CONVERSION = YES_AGGRESSIVE;
				CLANG_CXX_LANGUAGE_STANDARD = "gnu++14";
				CLANG_CXX_LIBRARY = "libc++";
				CLANG_ENABLE_MODULES = YES;
				CLANG_ENABLE_OBJC_ARC = YES;
				CLANG_ENABLE_OBJC_WEAK = YES;
				CLANG_WARN_BLOCK_CAPTURE_AUTORELEASING = YES;
				CLANG_WARN_BOOL_CONVERSION = YES;
				CLANG_WARN_COMMA = YES;
				CLANG_WARN_CONSTANT_CONVERSION = YES;
				CLANG_WARN_DEPRECATED_OBJC_IMPLEMENTATIONS = YES;
				CLANG_WARN_DIRECT_OBJC_ISA_USAGE = YES_ERROR;
				CLANG_WARN_DOCUMENTATION_COMMENTS = YES;
				CLANG_WARN_EMPTY_BODY = YES;
				CLANG_WARN_ENUM_CONVERSION = YES;
				CLANG_WARN_INFINITE_RECURSION = YES;
				CLANG_WARN_INT_CONVERSION = YES;
				CLANG_WARN_NON_LITERAL_NULL_CONVERSION = YES;
				CLANG_WARN_OBJC_IMPLICIT_RETAIN_SELF = YES;
				CLANG_WARN_OBJC_LITERAL_CONVERSION = YES;
				CLANG_WARN_OBJC_ROOT_CLASS = YES_ERROR;
				CLANG_WARN_QUOTED_INCLUDE_IN_FRAMEWORK_HEADER = YES;
				CLANG_WARN_RANGE_LOOP_ANALYSIS = YES;
				CLANG_WARN_STRICT_PROTOTYPES = YES;
				CLANG_WARN_SUSPICIOUS_MOVE = YES;
				CLANG_WARN_UNGUARDED_AVAILABILITY = YES_AGGRESSIVE;
				CLANG_WARN_UNREACHABLE_CODE = YES;
				CLANG_WARN__DUPLICATE_METHOD_MATCH = YES;
				COPY_PHASE_STRIP = NO;
				DEBUG_INFORMATION_FORMAT = dwarf;
				ENABLE_STRICT_OBJC_MSGSEND = YES;
				ENABLE_TESTABILITY = YES;
				GCC_C_LANGUAGE_STANDARD = gnu11;
				GCC_DYNAMIC_NO_PIC = NO;
				GCC_NO_COMMON_BLOCKS = YES;
				GCC_OPTIMIZATION_LEVEL = 0;
				GCC_PREPROCESSOR_DEFINITIONS = (
					"DEBUG=1",
					"$(inherited)",
				);
				GCC_WARN_64_TO_32_BIT_CONVERSION = YES;
				GCC_WARN_ABOUT_RETURN_TYPE = YES_ERROR;
				GCC_WARN_UNDECLARED_SELECTOR = YES;
				GCC_WARN_UNINITIALIZED_AUTOS = YES_AGGRESSIVE;
				GCC_WARN_UNUSED_FUNCTION = YES;
				GCC_WARN_UNUSED_VARIABLE = YES;
				IPHONEOS_DEPLOYMENT_TARGET = 14.4;
				MTL_ENABLE_DEBUG_INFO = INCLUDE_SOURCE;
				MTL_FAST_MATH = YES;
				ONLY_ACTIVE_ARCH = YES;
				SDKROOT = iphoneos;
				SWIFT_ACTIVE_COMPILATION_CONDITIONS = DEBUG;
				SWIFT_OPTIMIZATION_LEVEL = "-Onone";
			};
			name = Debug;
		};
		3F8C039B25EE31D4001E22EC /* Release */ = {
			isa = XCBuildConfiguration;
			buildSettings = {
				ALWAYS_SEARCH_USER_PATHS = NO;
				CLANG_ANALYZER_NONNULL = YES;
				CLANG_ANALYZER_NUMBER_OBJECT_CONVERSION = YES_AGGRESSIVE;
				CLANG_CXX_LANGUAGE_STANDARD = "gnu++14";
				CLANG_CXX_LIBRARY = "libc++";
				CLANG_ENABLE_MODULES = YES;
				CLANG_ENABLE_OBJC_ARC = YES;
				CLANG_ENABLE_OBJC_WEAK = YES;
				CLANG_WARN_BLOCK_CAPTURE_AUTORELEASING = YES;
				CLANG_WARN_BOOL_CONVERSION = YES;
				CLANG_WARN_COMMA = YES;
				CLANG_WARN_CONSTANT_CONVERSION = YES;
				CLANG_WARN_DEPRECATED_OBJC_IMPLEMENTATIONS = YES;
				CLANG_WARN_DIRECT_OBJC_ISA_USAGE = YES_ERROR;
				CLANG_WARN_DOCUMENTATION_COMMENTS = YES;
				CLANG_WARN_EMPTY_BODY = YES;
				CLANG_WARN_ENUM_CONVERSION = YES;
				CLANG_WARN_INFINITE_RECURSION = YES;
				CLANG_WARN_INT_CONVERSION = YES;
				CLANG_WARN_NON_LITERAL_NULL_CONVERSION = YES;
				CLANG_WARN_OBJC_IMPLICIT_RETAIN_SELF = YES;
				CLANG_WARN_OBJC_LITERAL_CONVERSION = YES;
				CLANG_WARN_OBJC_ROOT_CLASS = YES_ERROR;
				CLANG_WARN_QUOTED_INCLUDE_IN_FRAMEWORK_HEADER = YES;
				CLANG_WARN_RANGE_LOOP_ANALYSIS = YES;
				CLANG_WARN_STRICT_PROTOTYPES = YES;
				CLANG_WARN_SUSPICIOUS_MOVE = YES;
				CLANG_WARN_UNGUARDED_AVAILABILITY = YES_AGGRESSIVE;
				CLANG_WARN_UNREACHABLE_CODE = YES;
				CLANG_WARN__DUPLICATE_METHOD_MATCH = YES;
				COPY_PHASE_STRIP = NO;
				DEBUG_INFORMATION_FORMAT = "dwarf-with-dsym";
				ENABLE_NS_ASSERTIONS = NO;
				ENABLE_STRICT_OBJC_MSGSEND = YES;
				GCC_C_LANGUAGE_STANDARD = gnu11;
				GCC_NO_COMMON_BLOCKS = YES;
				GCC_WARN_64_TO_32_BIT_CONVERSION = YES;
				GCC_WARN_ABOUT_RETURN_TYPE = YES_ERROR;
				GCC_WARN_UNDECLARED_SELECTOR = YES;
				GCC_WARN_UNINITIALIZED_AUTOS = YES_AGGRESSIVE;
				GCC_WARN_UNUSED_FUNCTION = YES;
				GCC_WARN_UNUSED_VARIABLE = YES;
				IPHONEOS_DEPLOYMENT_TARGET = 14.4;
				MTL_ENABLE_DEBUG_INFO = NO;
				MTL_FAST_MATH = YES;
				SDKROOT = iphoneos;
				SWIFT_COMPILATION_MODE = wholemodule;
				SWIFT_OPTIMIZATION_LEVEL = "-O";
				VALIDATE_PRODUCT = YES;
			};
			name = Release;
		};
		3F8C039D25EE31D4001E22EC /* Debug */ = {
			isa = XCBuildConfiguration;
			buildSettings = {
				ASSETCATALOG_COMPILER_APPICON_NAME = AppIcon;
				ASSETCATALOG_COMPILER_GLOBAL_ACCENT_COLOR_NAME = AccentColor;
				CODE_SIGN_STYLE = Automatic;
				DEVELOPMENT_ASSET_PATHS = "\"Landmarks/Preview Content\"";
				DEVELOPMENT_TEAM = J72D7PUA4W;
				ENABLE_PREVIEWS = YES;
				INFOPLIST_FILE = Landmarks/Info.plist;
				IPHONEOS_DEPLOYMENT_TARGET = 14.0;
				LD_RUNPATH_SEARCH_PATHS = (
					"$(inherited)",
					"@executable_path/Frameworks",
				);
				PRODUCT_BUNDLE_IDENTIFIER = taevel02.Landmarks;
				PRODUCT_NAME = "$(TARGET_NAME)";
				SWIFT_VERSION = 5.0;
				TARGETED_DEVICE_FAMILY = "1,2";
			};
			name = Debug;
		};
		3F8C039E25EE31D4001E22EC /* Release */ = {
			isa = XCBuildConfiguration;
			buildSettings = {
				ASSETCATALOG_COMPILER_APPICON_NAME = AppIcon;
				ASSETCATALOG_COMPILER_GLOBAL_ACCENT_COLOR_NAME = AccentColor;
				CODE_SIGN_STYLE = Automatic;
				DEVELOPMENT_ASSET_PATHS = "\"Landmarks/Preview Content\"";
				DEVELOPMENT_TEAM = J72D7PUA4W;
				ENABLE_PREVIEWS = YES;
				INFOPLIST_FILE = Landmarks/Info.plist;
				IPHONEOS_DEPLOYMENT_TARGET = 14.0;
				LD_RUNPATH_SEARCH_PATHS = (
					"$(inherited)",
					"@executable_path/Frameworks",
				);
				PRODUCT_BUNDLE_IDENTIFIER = taevel02.Landmarks;
				PRODUCT_NAME = "$(TARGET_NAME)";
				SWIFT_VERSION = 5.0;
				TARGETED_DEVICE_FAMILY = "1,2";
			};
			name = Release;
		};
/* End XCBuildConfiguration section */

/* Begin XCConfigurationList section */
		3F8C038825EE31D1001E22EC /* Build configuration list for PBXProject "Landmarks" */ = {
			isa = XCConfigurationList;
			buildConfigurations = (
				3F8C039A25EE31D4001E22EC /* Debug */,
				3F8C039B25EE31D4001E22EC /* Release */,
			);
			defaultConfigurationIsVisible = 0;
			defaultConfigurationName = Release;
		};
		3F8C039C25EE31D4001E22EC /* Build configuration list for PBXNativeTarget "Landmarks" */ = {
			isa = XCConfigurationList;
			buildConfigurations = (
				3F8C039D25EE31D4001E22EC /* Debug */,
				3F8C039E25EE31D4001E22EC /* Release */,
			);
			defaultConfigurationIsVisible = 0;
			defaultConfigurationName = Release;
		};
/* End XCConfigurationList section */
	};
	rootObject = 3F8C038525EE31D1001E22EC /* Project object */;
}
